
Microsoft Visual Studio Solution File, Format Version 12.00
# Visual Studio Version 17
VisualStudioVersion = 17.5.002.0
MinimumVisualStudioVersion = 10.0.40219.1
Project("{9A19103F-16F7-4668-BE54-9A1E7A4F7556}") = "guid", "guid.csproj", "{FA588B3E-D6FC-46F2-9C10-75F6BBBDA4F4}"
EndProject
Global
	GlobalSection(SolutionConfigurationPlatforms) = preSolution
		Debug|Any CPU = Debug|Any CPU
		Release|Any CPU = Release|Any CPU
	EndGlobalSection
	GlobalSection(ProjectConfigurationPlatforms) = postSolution
		{FA588B3E-D6FC-46F2-9C10-75F6BBBDA4F4}.Debug|Any CPU.ActiveCfg = Debug|Any CPU
		{FA588B3E-D6FC-46F2-9C10-75F6BBBDA4F4}.Debug|Any CPU.Build.0 = Debug|Any CPU
		{FA588B3E-D6FC-46F2-9C10-75F6BBBDA4F4}.Release|Any CPU.ActiveCfg = Release|Any CPU
		{FA588B3E-D6FC-46F2-9C10-75F6BBBDA4F4}.Release|Any CPU.Build.0 = Release|Any CPU
	EndGlobalSection
	GlobalSection(SolutionProperties) = preSolution
		HideSolutionNode = FALSE
	EndGlobalSection
	GlobalSection(ExtensibilityGlobals) = postSolution
		SolutionGuid = {3E33EA44-6482-4522-A429-3477C004CFA1}
	EndGlobalSection
EndGlobal
